
Microsoft Visual Studio Solution File, Format Version 12.00
# Visual Studio Version 17
VisualStudioVersion = 17.7.34009.444
MinimumVisualStudioVersion = 10.0.40219.1
Project("{2150E333-8FDC-42A3-9474-1A3956D46DE8}") = "Services", "Services", "{7FC9D3C8-3DBC-4970-A2A0-ACA9BFDC0139}"
EndProject
Project("{2150E333-8FDC-42A3-9474-1A3956D46DE8}") = "Catalog", "Catalog", "{C8CAFA5E-6E59-4E16-967B-64C38C33E16E}"
EndProject
Project("{9A19103F-16F7-4668-BE54-9A1E7A4F7556}") = "Catalog.API", "Services\Catalog\Catalog.API\Catalog.API.csproj", "{CB067200-DF22-469A-9E09-6DF5C337B233}"
EndProject
Project("{9A19103F-16F7-4668-BE54-9A1E7A4F7556}") = "Catalog.Application", "Services\Catalog\Catalog.Application\Catalog.Application.csproj", "{6DEC7A0B-CBAD-48F7-903F-0F5D3763E01A}"
EndProject
Project("{9A19103F-16F7-4668-BE54-9A1E7A4F7556}") = "Catalog.Core", "Services\Catalog\Catalog.Core\Catalog.Core.csproj", "{19AA1FD6-AB76-4188-B6D4-CFADE51BDA37}"
EndProject
Project("{9A19103F-16F7-4668-BE54-9A1E7A4F7556}") = "Catalog.Infrastructure", "Services\Catalog\Catalog.Infrastructure\Catalog.Infrastructure.csproj", "{41D2119D-13BE-44F9-8B32-1254CC63835B}"
EndProject
Project("{E53339B2-1760-4266-BCC7-CA923CBCF16C}") = "docker-compose", "docker-compose.dcproj", "{E1743A33-91A9-4401-B28A-154E698F6E8D}"
EndProject
Project("{2150E333-8FDC-42A3-9474-1A3956D46DE8}") = "Basket", "Basket", "{E1341B3A-9B69-47A3-8E91-2F944EA89D53}"
EndProject
Project("{FAE04EC0-301F-11D3-BF4B-00C04F79EFBC}") = "Basket.API", "Services\Basket\Basket.API\Basket.API.csproj", "{72A044DD-4555-4727-B1C1-720CE269B596}"
EndProject
Project("{FAE04EC0-301F-11D3-BF4B-00C04F79EFBC}") = "Basket.Core", "Services\Basket\Basket.Core\Basket.Core.csproj", "{94C7BB15-ABE0-46AF-83E0-5DDAA777D69F}"
EndProject
Project("{FAE04EC0-301F-11D3-BF4B-00C04F79EFBC}") = "Basket.Application", "Services\Basket\Basket.Application\Basket.Application.csproj", "{9B4CA59B-F9F3-4351-8876-87B92B83D00F}"
EndProject
Project("{FAE04EC0-301F-11D3-BF4B-00C04F79EFBC}") = "Basket.Infrastructure", "Services\Basket\Basket.Infrastructure\Basket.Infrastructure.csproj", "{070072EA-E5FC-48A2-AB40-3A5AC16F3856}"
EndProject
Global
	GlobalSection(SolutionConfigurationPlatforms) = preSolution
		Debug|Any CPU = Debug|Any CPU
		Release|Any CPU = Release|Any CPU
	EndGlobalSection
	GlobalSection(ProjectConfigurationPlatforms) = postSolution
		{CB067200-DF22-469A-9E09-6DF5C337B233}.Debug|Any CPU.ActiveCfg = Debug|Any CPU
		{CB067200-DF22-469A-9E09-6DF5C337B233}.Debug|Any CPU.Build.0 = Debug|Any CPU
		{CB067200-DF22-469A-9E09-6DF5C337B233}.Release|Any CPU.ActiveCfg = Release|Any CPU
		{CB067200-DF22-469A-9E09-6DF5C337B233}.Release|Any CPU.Build.0 = Release|Any CPU
		{6DEC7A0B-CBAD-48F7-903F-0F5D3763E01A}.Debug|Any CPU.ActiveCfg = Debug|Any CPU
		{6DEC7A0B-CBAD-48F7-903F-0F5D3763E01A}.Debug|Any CPU.Build.0 = Debug|Any CPU
		{6DEC7A0B-CBAD-48F7-903F-0F5D3763E01A}.Release|Any CPU.ActiveCfg = Release|Any CPU
		{6DEC7A0B-CBAD-48F7-903F-0F5D3763E01A}.Release|Any CPU.Build.0 = Release|Any CPU
		{19AA1FD6-AB76-4188-B6D4-CFADE51BDA37}.Debug|Any CPU.ActiveCfg = Debug|Any CPU
		{19AA1FD6-AB76-4188-B6D4-CFADE51BDA37}.Debug|Any CPU.Build.0 = Debug|Any CPU
		{19AA1FD6-AB76-4188-B6D4-CFADE51BDA37}.Release|Any CPU.ActiveCfg = Release|Any CPU
		{19AA1FD6-AB76-4188-B6D4-CFADE51BDA37}.Release|Any CPU.Build.0 = Release|Any CPU
		{41D2119D-13BE-44F9-8B32-1254CC63835B}.Debug|Any CPU.ActiveCfg = Debug|Any CPU
		{41D2119D-13BE-44F9-8B32-1254CC63835B}.Debug|Any CPU.Build.0 = Debug|Any CPU
		{41D2119D-13BE-44F9-8B32-1254CC63835B}.Release|Any CPU.ActiveCfg = Release|Any CPU
		{41D2119D-13BE-44F9-8B32-1254CC63835B}.Release|Any CPU.Build.0 = Release|Any CPU
		{E1743A33-91A9-4401-B28A-154E698F6E8D}.Debug|Any CPU.ActiveCfg = Debug|Any CPU
		{E1743A33-91A9-4401-B28A-154E698F6E8D}.Debug|Any CPU.Build.0 = Debug|Any CPU
		{E1743A33-91A9-4401-B28A-154E698F6E8D}.Release|Any CPU.ActiveCfg = Release|Any CPU
		{E1743A33-91A9-4401-B28A-154E698F6E8D}.Release|Any CPU.Build.0 = Release|Any CPU
		{72A044DD-4555-4727-B1C1-720CE269B596}.Debug|Any CPU.ActiveCfg = Debug|Any CPU
		{72A044DD-4555-4727-B1C1-720CE269B596}.Debug|Any CPU.Build.0 = Debug|Any CPU
		{72A044DD-4555-4727-B1C1-720CE269B596}.Release|Any CPU.ActiveCfg = Release|Any CPU
		{72A044DD-4555-4727-B1C1-720CE269B596}.Release|Any CPU.Build.0 = Release|Any CPU
		{94C7BB15-ABE0-46AF-83E0-5DDAA777D69F}.Debug|Any CPU.ActiveCfg = Debug|Any CPU
		{94C7BB15-ABE0-46AF-83E0-5DDAA777D69F}.Debug|Any CPU.Build.0 = Debug|Any CPU
		{94C7BB15-ABE0-46AF-83E0-5DDAA777D69F}.Release|Any CPU.ActiveCfg = Release|Any CPU
		{94C7BB15-ABE0-46AF-83E0-5DDAA777D69F}.Release|Any CPU.Build.0 = Release|Any CPU
		{9B4CA59B-F9F3-4351-8876-87B92B83D00F}.Debug|Any CPU.ActiveCfg = Debug|Any CPU
		{9B4CA59B-F9F3-4351-8876-87B92B83D00F}.Debug|Any CPU.Build.0 = Debug|Any CPU
		{9B4CA59B-F9F3-4351-8876-87B92B83D00F}.Release|Any CPU.ActiveCfg = Release|Any CPU
		{9B4CA59B-F9F3-4351-8876-87B92B83D00F}.Release|Any CPU.Build.0 = Release|Any CPU
		{070072EA-E5FC-48A2-AB40-3A5AC16F3856}.Debug|Any CPU.ActiveCfg = Debug|Any CPU
		{070072EA-E5FC-48A2-AB40-3A5AC16F3856}.Debug|Any CPU.Build.0 = Debug|Any CPU
		{070072EA-E5FC-48A2-AB40-3A5AC16F3856}.Release|Any CPU.ActiveCfg = Release|Any CPU
		{070072EA-E5FC-48A2-AB40-3A5AC16F3856}.Release|Any CPU.Build.0 = Release|Any CPU
	EndGlobalSection
	GlobalSection(SolutionProperties) = preSolution
		HideSolutionNode = FALSE
	EndGlobalSection
	GlobalSection(NestedProjects) = preSolution
		{C8CAFA5E-6E59-4E16-967B-64C38C33E16E} = {7FC9D3C8-3DBC-4970-A2A0-ACA9BFDC0139}
		{CB067200-DF22-469A-9E09-6DF5C337B233} = {C8CAFA5E-6E59-4E16-967B-64C38C33E16E}
		{6DEC7A0B-CBAD-48F7-903F-0F5D3763E01A} = {C8CAFA5E-6E59-4E16-967B-64C38C33E16E}
		{19AA1FD6-AB76-4188-B6D4-CFADE51BDA37} = {C8CAFA5E-6E59-4E16-967B-64C38C33E16E}
		{41D2119D-13BE-44F9-8B32-1254CC63835B} = {C8CAFA5E-6E59-4E16-967B-64C38C33E16E}
		{E1341B3A-9B69-47A3-8E91-2F944EA89D53} = {7FC9D3C8-3DBC-4970-A2A0-ACA9BFDC0139}
		{72A044DD-4555-4727-B1C1-720CE269B596} = {E1341B3A-9B69-47A3-8E91-2F944EA89D53}
		{94C7BB15-ABE0-46AF-83E0-5DDAA777D69F} = {E1341B3A-9B69-47A3-8E91-2F944EA89D53}
		{9B4CA59B-F9F3-4351-8876-87B92B83D00F} = {E1341B3A-9B69-47A3-8E91-2F944EA89D53}
		{070072EA-E5FC-48A2-AB40-3A5AC16F3856} = {E1341B3A-9B69-47A3-8E91-2F944EA89D53}
	EndGlobalSection
	GlobalSection(ExtensibilityGlobals) = postSolution
		SolutionGuid = {AC4404EB-59CD-4EC1-858F-7EC8C6E46492}
	EndGlobalSection
EndGlobal
